// !$*UTF8*$!
{
	archiveVersion = 1;
	classes = {
	};
	objectVersion = 46;
	objects = {

/* Begin PBXBuildFile section */
		3BC9323D16B991C20063235E /* matrix.c in Sources */ = {isa = PBXBuildFile; fileRef = 3BC9323916B991C20063235E /* matrix.c */; };
		3BC9323E16B991C20063235E /* util.c in Sources */ = {isa = PBXBuildFile; fileRef = 3BC9323B16B991C20063235E /* util.c */; };
/* End PBXBuildFile section */

/* Begin PBXCopyFilesBuildPhase section */
		3BC9322B16B98F2B0063235E /* CopyFiles */ = {
			isa = PBXCopyFilesBuildPhase;
			buildActionMask = 2147483647;
			dstPath = /usr/share/man/man1/;
			dstSubfolderSpec = 0;
			files = (
			);
			runOnlyForDeploymentPostprocessing = 1;
		};
/* End PBXCopyFilesBuildPhase section */

/* Begin PBXFileReference section */
		3BC9322D16B98F2B0063235E /* DSA */ = {isa = PBXFileReference; includeInIndex = 0; lastKnownFileType = "compiled.mach-o.executable"; path = DSA; sourceTree = BUILT_PRODUCTS_DIR; };
		3BC9323916B991C20063235E /* matrix.c */ = {isa = PBXFileReference; fileEncoding = 4; lastKnownFileType = sourcecode.c.c; path = matrix.c; sourceTree = "<group>"; };
		3BC9323A16B991C20063235E /* matrix.h */ = {isa = PBXFileReference; fileEncoding = 4; lastKnownFileType = sourcecode.c.h; path = matrix.h; sourceTree = "<group>"; };
		3BC9323B16B991C20063235E /* util.c */ = {isa = PBXFileReference; fileEncoding = 4; lastKnownFileType = sourcecode.c.c; path = util.c; sourceTree = "<group>"; };
		3BC9323C16B991C20063235E /* util.h */ = {isa = PBXFileReference; fileEncoding = 4; lastKnownFileType = sourcecode.c.h; path = util.h; sourceTree = "<group>"; };
/* End PBXFileReference section */

/* Begin PBXFrameworksBuildPhase section */
		3BC9322A16B98F2B0063235E /* Frameworks */ = {
			isa = PBXFrameworksBuildPhase;
			buildActionMask = 2147483647;
			files = (
			);
			runOnlyForDeploymentPostprocessing = 0;
		};
/* End PBXFrameworksBuildPhase section */

/* Begin PBXGroup section */
		3BC9322416B98F2B0063235E = {
			isa = PBXGroup;
			children = (
				3BC9322F16B98F2B0063235E /* DSA */,
				3BC9322E16B98F2B0063235E /* Products */,
			);
			sourceTree = "<group>";
		};
		3BC9322E16B98F2B0063235E /* Products */ = {
			isa = PBXGroup;
			children = (
				3BC9322D16B98F2B0063235E /* DSA */,
			);
			name = Products;
			sourceTree = "<group>";
		};
		3BC9322F16B98F2B0063235E /* DSA */ = {
			isa = PBXGroup;
			children = (
				3BC9323916B991C20063235E /* matrix.c */,
				3BC9323A16B991C20063235E /* matrix.h */,
				3BC9323B16B991C20063235E /* util.c */,
				3BC9323C16B991C20063235E /* util.h */,
			);
			path = DSA;
			sourceTree = "<group>";
		};
/* End PBXGroup section */

/* Begin PBXNativeTarget section */
		3BC9322C16B98F2B0063235E /* DSA */ = {
			isa = PBXNativeTarget;
			buildConfigurationList = 3BC9323616B98F2B0063235E /* Build configuration list for PBXNativeTarget "DSA" */;
			buildPhases = (
				3BC9322916B98F2B0063235E /* Sources */,
				3BC9322A16B98F2B0063235E /* Frameworks */,
				3BC9322B16B98F2B0063235E /* CopyFiles */,
			);
			buildRules = (
			);
			dependencies = (
			);
			name = DSA;
			productName = DSA;
			productReference = 3BC9322D16B98F2B0063235E /* DSA */;
			productType = "com.apple.product-type.tool";
		};
/* End PBXNativeTarget section */

/* Begin PBXProject section */
		3BC9322516B98F2B0063235E /* Project object */ = {
			isa = PBXProject;
			attributes = {
				LastUpgradeCheck = 0460;
				ORGANIZATIONNAME = "Jakub Zalewski";
			};
			buildConfigurationList = 3BC9322816B98F2B0063235E /* Build configuration list for PBXProject "DSA" */;
			compatibilityVersion = "Xcode 3.2";
			developmentRegion = English;
			hasScannedForEncodings = 0;
			knownRegions = (
				en,
			);
			mainGroup = 3BC9322416B98F2B0063235E;
			productRefGroup = 3BC9322E16B98F2B0063235E /* Products */;
			projectDirPath = "";
			projectRoot = "";
			targets = (
				3BC9322C16B98F2B0063235E /* DSA */,
			);
		};
/* End PBXProject section */

/* Begin PBXSourcesBuildPhase section */
		3BC9322916B98F2B0063235E /* Sources */ = {
			isa = PBXSourcesBuildPhase;
			buildActionMask = 2147483647;
			files = (
				3BC9323D16B991C20063235E /* matrix.c in Sources */,
				3BC9323E16B991C20063235E /* util.c in Sources */,
			);
			runOnlyForDeploymentPostprocessing = 0;
		};
/* End PBXSourcesBuildPhase section */

/* Begin XCBuildConfiguration section */
		3BC9323416B98F2B0063235E /* Debug */ = {
			isa = XCBuildConfiguration;
			buildSettings = {
				ALWAYS_SEARCH_USER_PATHS = NO;
				ARCHS = "$(ARCHS_STANDARD_64_BIT)";
				CLANG_CXX_LANGUAGE_STANDARD = "gnu++0x";
				CLANG_CXX_LIBRARY = "libc++";
				CLANG_WARN_CONSTANT_CONVERSION = YES;
				CLANG_WARN_EMPTY_BODY = YES;
				CLANG_WARN_ENUM_CONVERSION = YES;
				CLANG_WARN_INT_CONVERSION = YES;
				CLANG_WARN__DUPLICATE_METHOD_MATCH = YES;
				COPY_PHASE_STRIP = NO;
				GCC_C_LANGUAGE_STANDARD = gnu99;
				GCC_DYNAMIC_NO_PIC = NO;
				GCC_ENABLE_OBJC_EXCEPTIONS = YES;
				GCC_OPTIMIZATION_LEVEL = 0;
				GCC_PREPROCESSOR_DEFINITIONS = (
					"DEBUG=1",
					"$(inherited)",
				);
				GCC_SYMBOLS_PRIVATE_EXTERN = NO;
				GCC_WARN_64_TO_32_BIT_CONVERSION = YES;
				GCC_WARN_ABOUT_RETURN_TYPE = YES;
				GCC_WARN_UNINITIALIZED_AUTOS = YES;
				GCC_WARN_UNUSED_VARIABLE = YES;
				MACOSX_DEPLOYMENT_TARGET = 10.8;
				ONLY_ACTIVE_ARCH = YES;
				SDKROOT = macosx;
			};
			name = Debug;
		};
		3BC9323516B98F2B0063235E /* Release */ = {
			isa = XCBuildConfiguration;
			buildSettings = {
				ALWAYS_SEARCH_USER_PATHS = NO;
				ARCHS = "$(ARCHS_STANDARD_64_BIT)";
				CLANG_CXX_LANGUAGE_STANDARD = "gnu++0x";
				CLANG_CXX_LIBRARY = "libc++";
				CLANG_WARN_CONSTANT_CONVERSION = YES;
				CLANG_WARN_EMPTY_BODY = YES;
				CLANG_WARN_ENUM_CONVERSION = YES;
				CLANG_WARN_INT_CONVERSION = YES;
				CLANG_WARN__DUPLICATE_METHOD_MATCH = YES;
				COPY_PHASE_STRIP = YES;
				DEBUG_INFORMATION_FORMAT = "dwarf-with-dsym";
				GCC_C_LANGUAGE_STANDARD = gnu99;
				GCC_ENABLE_OBJC_EXCEPTIONS = YES;
				GCC_WARN_64_TO_32_BIT_CONVERSION = YES;
				GCC_WARN_ABOUT_RETURN_TYPE = YES;
				GCC_WARN_UNINITIALIZED_AUTOS = YES;
				GCC_WARN_UNUSED_VARIABLE = YES;
				MACOSX_DEPLOYMENT_TARGET = 10.8;
				SDKROOT = macosx;
			};
			name = Release;
		};
		3BC9323716B98F2B0063235E /* Debug */ = {
			isa = XCBuildConfiguration;
			buildSettings = {
				PRODUCT_NAME = "$(TARGET_NAME)";
			};
			name = Debug;
		};
		3BC9323816B98F2B0063235E /* Release */ = {
			isa = XCBuildConfiguration;
			buildSettings = {
				PRODUCT_NAME = "$(TARGET_NAME)";
			};
			name = Release;
		};
/* End XCBuildConfiguration section */

/* Begin XCConfigurationList section */
		3BC9322816B98F2B0063235E /* Build configuration list for PBXProject "DSA" */ = {
			isa = XCConfigurationList;
			buildConfigurations = (
				3BC9323416B98F2B0063235E /* Debug */,
				3BC9323516B98F2B0063235E /* Release */,
			);
			defaultConfigurationIsVisible = 0;
			defaultConfigurationName = Release;
		};
		3BC9323616B98F2B0063235E /* Build configuration list for PBXNativeTarget "DSA" */ = {
			isa = XCConfigurationList;
			buildConfigurations = (
				3BC9323716B98F2B0063235E /* Debug */,
				3BC9323816B98F2B0063235E /* Release */,
			);
			defaultConfigurationIsVisible = 0;
		};
/* End XCConfigurationList section */
	};
	rootObject = 3BC9322516B98F2B0063235E /* Project object */;
}
